{
	"name": "@covalenthq/agent-sdk",
	"version": "1.0.0",
	"lockfileVersion": 3,
	"requires": true,
	"packages": {
		"": {
			"name": "@covalenthq/agent-sdk",
			"version": "1.0.0",
			"license": "MIT",
			"dependencies": {
				"@covalenthq/client-sdk": "^2.2.1"
			}
		},
		"node_modules/@covalenthq/client-sdk": {
			"version": "2.2.1",
			"resolved": "https://registry.npmjs.org/@covalenthq/client-sdk/-/client-sdk-2.2.1.tgz",
			"integrity": "sha512-lUfJw8Ce/aWHHHj+SQGUKQ5XmigR/HLycmYKh+/Go0Hg5BfQboGHFPcwEQjiEdH8z09NV2B0qloC9Tbe1/pxBA==",
			"license": "Apache-2.0",
			"dependencies": {
				"big.js": "^6.2.1"
			}
		},
		"node_modules/big.js": {
			"version": "6.2.2",
			"resolved": "https://registry.npmjs.org/big.js/-/big.js-6.2.2.tgz",
			"integrity": "sha512-y/ie+Faknx7sZA5MfGA2xKlu0GDv8RWrXGsmlteyJQ2lvoKv9GBK/fpRMc2qlSoBAgNxrixICFCBefIq8WCQpQ==",
			"license": "MIT",
			"engines": {
				"node": "*"
			},
			"funding": {
				"type": "opencollective",
				"url": "https://opencollective.com/bigjs"
			}
		}
	}
}
